// !$*UTF8*$!
{
	archiveVersion = 1;
	classes = {
	};
	objectVersion = 46;
	objects = {

/* Begin PBXBuildFile section */
		124DF4061F6796E5000546E3 /* EFHolderText.swift in Sources */ = {isa = PBXBuildFile; fileRef = 124DF4051F6796E5000546E3 /* EFHolderText.swift */; };
		124DF4081F67996C000546E3 /* EFHolder.swift in Sources */ = {isa = PBXBuildFile; fileRef = 124DF4071F67996C000546E3 /* EFHolder.swift */; };
		124DF40A1F67DB15000546E3 /* EFHolderMap.swift in Sources */ = {isa = PBXBuildFile; fileRef = 124DF4091F67DB15000546E3 /* EFHolderMap.swift */; };
		124DF40C1F67E2DD000546E3 /* EFHolderArray.swift in Sources */ = {isa = PBXBuildFile; fileRef = 124DF40B1F67E2DD000546E3 /* EFHolderArray.swift */; };
		1297619C1F5FC8D10075C314 /* main.swift in Sources */ = {isa = PBXBuildFile; fileRef = 1297619B1F5FC8D10075C314 /* main.swift */; };
		129F35921F62DB670076F627 /* PROJECT_DIR in CopyFiles */ = {isa = PBXBuildFile; fileRef = 129F35911F62DB570076F627 /* PROJECT_DIR */; };
		129F35941F62DEA70076F627 /* EFTemplete.swift in Sources */ = {isa = PBXBuildFile; fileRef = 129F35931F62DEA70076F627 /* EFTemplete.swift */; };
		12A82A3D1F600A270060230F /* EFFile.swift in Sources */ = {isa = PBXBuildFile; fileRef = 12A82A3C1F600A270060230F /* EFFile.swift */; };
		12A82A401F600C760060230F /* EFError.swift in Sources */ = {isa = PBXBuildFile; fileRef = 12A82A3F1F600C760060230F /* EFError.swift */; };
		12A82A431F60254D0060230F /* String+.swift in Sources */ = {isa = PBXBuildFile; fileRef = 12A82A421F60254D0060230F /* String+.swift */; };
		12A82A451F6025520060230F /* Global.swift in Sources */ = {isa = PBXBuildFile; fileRef = 12A82A441F6025520060230F /* Global.swift */; };
		12A82A471F602B840060230F /* EFPath.swift in Sources */ = {isa = PBXBuildFile; fileRef = 12A82A461F602B840060230F /* EFPath.swift */; };
		12D4D4E01F62C69D00141908 /* templete.html in CopyFiles */ = {isa = PBXBuildFile; fileRef = 1218703B1F624F3300B27057 /* templete.html */; };
/* End PBXBuildFile section */

/* Begin PBXCopyFilesBuildPhase section */
		129761961F5FC8D10075C314 /* CopyFiles */ = {
			isa = PBXCopyFilesBuildPhase;
			buildActionMask = 12;
			dstPath = "";
			dstSubfolderSpec = 7;
			files = (
				129F35921F62DB670076F627 /* PROJECT_DIR in CopyFiles */,
				12D4D4E01F62C69D00141908 /* templete.html in CopyFiles */,
			);
			runOnlyForDeploymentPostprocessing = 0;
		};
/* End PBXCopyFilesBuildPhase section */

/* Begin PBXFileReference section */
		1218703B1F624F3300B27057 /* templete.html */ = {isa = PBXFileReference; fileEncoding = 4; lastKnownFileType = text.html; path = templete.html; sourceTree = "<group>"; };
		124DF4051F6796E5000546E3 /* EFHolderText.swift */ = {isa = PBXFileReference; fileEncoding = 4; lastKnownFileType = sourcecode.swift; path = EFHolderText.swift; sourceTree = "<group>"; };
		124DF4071F67996C000546E3 /* EFHolder.swift */ = {isa = PBXFileReference; fileEncoding = 4; lastKnownFileType = sourcecode.swift; path = EFHolder.swift; sourceTree = "<group>"; };
		124DF4091F67DB15000546E3 /* EFHolderMap.swift */ = {isa = PBXFileReference; fileEncoding = 4; lastKnownFileType = sourcecode.swift; path = EFHolderMap.swift; sourceTree = "<group>"; };
		124DF40B1F67E2DD000546E3 /* EFHolderArray.swift */ = {isa = PBXFileReference; fileEncoding = 4; lastKnownFileType = sourcecode.swift; path = EFHolderArray.swift; sourceTree = "<group>"; };
		129761981F5FC8D10075C314 /* EFResume */ = {isa = PBXFileReference; explicitFileType = "compiled.mach-o.executable"; includeInIndex = 0; path = EFResume; sourceTree = BUILT_PRODUCTS_DIR; };
		1297619B1F5FC8D10075C314 /* main.swift */ = {isa = PBXFileReference; lastKnownFileType = sourcecode.swift; path = main.swift; sourceTree = "<group>"; };
		129F35911F62DB570076F627 /* PROJECT_DIR */ = {isa = PBXFileReference; fileEncoding = 4; lastKnownFileType = text; path = PROJECT_DIR; sourceTree = "<group>"; };
		129F35931F62DEA70076F627 /* EFTemplete.swift */ = {isa = PBXFileReference; fileEncoding = 4; lastKnownFileType = sourcecode.swift; path = EFTemplete.swift; sourceTree = "<group>"; };
		12A82A3C1F600A270060230F /* EFFile.swift */ = {isa = PBXFileReference; fileEncoding = 4; lastKnownFileType = sourcecode.swift; path = EFFile.swift; sourceTree = "<group>"; };
		12A82A3F1F600C760060230F /* EFError.swift */ = {isa = PBXFileReference; fileEncoding = 4; lastKnownFileType = sourcecode.swift; path = EFError.swift; sourceTree = "<group>"; };
		12A82A421F60254D0060230F /* String+.swift */ = {isa = PBXFileReference; fileEncoding = 4; lastKnownFileType = sourcecode.swift; path = "String+.swift"; sourceTree = "<group>"; };
		12A82A441F6025520060230F /* Global.swift */ = {isa = PBXFileReference; fileEncoding = 4; lastKnownFileType = sourcecode.swift; path = Global.swift; sourceTree = "<group>"; };
		12A82A461F602B840060230F /* EFPath.swift */ = {isa = PBXFileReference; fileEncoding = 4; lastKnownFileType = sourcecode.swift; path = EFPath.swift; sourceTree = "<group>"; };
/* End PBXFileReference section */

/* Begin PBXFrameworksBuildPhase section */
		129761951F5FC8D10075C314 /* Frameworks */ = {
			isa = PBXFrameworksBuildPhase;
			buildActionMask = 2147483647;
			files = (
			);
			runOnlyForDeploymentPostprocessing = 0;
		};
/* End PBXFrameworksBuildPhase section */

/* Begin PBXGroup section */
		1218703A1F624F3300B27057 /* Templete */ = {
			isa = PBXGroup;
			children = (
				129F35911F62DB570076F627 /* PROJECT_DIR */,
				1218703B1F624F3300B27057 /* templete.html */,
			);
			path = Templete;
			sourceTree = "<group>";
		};
		1297618F1F5FC8D10075C314 = {
			isa = PBXGroup;
			children = (
				1297619A1F5FC8D10075C314 /* EFResume */,
				129761991F5FC8D10075C314 /* Products */,
			);
			sourceTree = "<group>";
		};
		129761991F5FC8D10075C314 /* Products */ = {
			isa = PBXGroup;
			children = (
				129761981F5FC8D10075C314 /* EFResume */,
			);
			name = Products;
			sourceTree = "<group>";
		};
		1297619A1F5FC8D10075C314 /* EFResume */ = {
			isa = PBXGroup;
			children = (
				1218703A1F624F3300B27057 /* Templete */,
				12A82A441F6025520060230F /* Global.swift */,
				12A82A411F60254D0060230F /* Extension */,
				12A82A3E1F600C760060230F /* Service */,
				12A82A3B1F600A270060230F /* Model */,
				1297619B1F5FC8D10075C314 /* main.swift */,
			);
			path = EFResume;
			sourceTree = "<group>";
		};
		12A82A3B1F600A270060230F /* Model */ = {
			isa = PBXGroup;
			children = (
				12A82A461F602B840060230F /* EFPath.swift */,
				12A82A3C1F600A270060230F /* EFFile.swift */,
				129F35931F62DEA70076F627 /* EFTemplete.swift */,
				124DF4071F67996C000546E3 /* EFHolder.swift */,
				124DF4051F6796E5000546E3 /* EFHolderText.swift */,
				124DF4091F67DB15000546E3 /* EFHolderMap.swift */,
				124DF40B1F67E2DD000546E3 /* EFHolderArray.swift */,
			);
			path = Model;
			sourceTree = "<group>";
		};
		12A82A3E1F600C760060230F /* Service */ = {
			isa = PBXGroup;
			children = (
				12A82A3F1F600C760060230F /* EFError.swift */,
			);
			path = Service;
			sourceTree = "<group>";
		};
		12A82A411F60254D0060230F /* Extension */ = {
			isa = PBXGroup;
			children = (
				12A82A421F60254D0060230F /* String+.swift */,
			);
			path = Extension;
			sourceTree = "<group>";
		};
/* End PBXGroup section */

/* Begin PBXNativeTarget section */
		129761971F5FC8D10075C314 /* EFResume */ = {
			isa = PBXNativeTarget;
			buildConfigurationList = 1297619F1F5FC8D10075C314 /* Build configuration list for PBXNativeTarget "EFResume" */;
			buildPhases = (
				129F35901F62D9460076F627 /* Save PROJECT_DIR */,
				129761941F5FC8D10075C314 /* Sources */,
				129761951F5FC8D10075C314 /* Frameworks */,
				129761961F5FC8D10075C314 /* CopyFiles */,
			);
			buildRules = (
			);
			dependencies = (
			);
			name = EFResume;
			productName = EFResume;
			productReference = 129761981F5FC8D10075C314 /* EFResume */;
			productType = "com.apple.product-type.tool";
		};
/* End PBXNativeTarget section */

/* Begin PBXProject section */
		129761901F5FC8D10075C314 /* Project object */ = {
			isa = PBXProject;
			attributes = {
				LastSwiftUpdateCheck = 0830;
				LastUpgradeCheck = 1020;
				ORGANIZATIONNAME = eyrefree;
				TargetAttributes = {
					129761971F5FC8D10075C314 = {
						CreatedOnToolsVersion = 8.3.3;
						DevelopmentTeam = P3X2725LYY;
						LastSwiftMigration = 1020;
						ProvisioningStyle = Automatic;
					};
				};
			};
			buildConfigurationList = 129761931F5FC8D10075C314 /* Build configuration list for PBXProject "EFResume" */;
			compatibilityVersion = "Xcode 3.2";
			developmentRegion = en;
			hasScannedForEncodings = 0;
			knownRegions = (
				en,
				Base,
			);
			mainGroup = 1297618F1F5FC8D10075C314;
			productRefGroup = 129761991F5FC8D10075C314 /* Products */;
			projectDirPath = "";
			projectRoot = "";
			targets = (
				129761971F5FC8D10075C314 /* EFResume */,
			);
		};
/* End PBXProject section */

/* Begin PBXShellScriptBuildPhase section */
		129F35901F62D9460076F627 /* Save PROJECT_DIR */ = {
			isa = PBXShellScriptBuildPhase;
			buildActionMask = 2147483647;
			files = (
			);
			inputPaths = (
			);
			name = "Save PROJECT_DIR";
			outputPaths = (
			);
			runOnlyForDeploymentPostprocessing = 0;
			shellPath = /bin/sh;
			shellScript = "cd $PROJECT_DIR;\ncd EFResume/Templete;\necho \"$PROJECT_DIR\" > PROJECT_DIR;";
		};
/* End PBXShellScriptBuildPhase section */

/* Begin PBXSourcesBuildPhase section */
		129761941F5FC8D10075C314 /* Sources */ = {
			isa = PBXSourcesBuildPhase;
			buildActionMask = 2147483647;
			files = (
				1297619C1F5FC8D10075C314 /* main.swift in Sources */,
				12A82A3D1F600A270060230F /* EFFile.swift in Sources */,
				12A82A431F60254D0060230F /* String+.swift in Sources */,
				124DF4061F6796E5000546E3 /* EFHolderText.swift in Sources */,
				129F35941F62DEA70076F627 /* EFTemplete.swift in Sources */,
				12A82A471F602B840060230F /* EFPath.swift in Sources */,
				124DF4081F67996C000546E3 /* EFHolder.swift in Sources */,
				12A82A451F6025520060230F /* Global.swift in Sources */,
				124DF40C1F67E2DD000546E3 /* EFHolderArray.swift in Sources */,
				12A82A401F600C760060230F /* EFError.swift in Sources */,
				124DF40A1F67DB15000546E3 /* EFHolderMap.swift in Sources */,
			);
			runOnlyForDeploymentPostprocessing = 0;
		};
/* End PBXSourcesBuildPhase section */

/* Begin XCBuildConfiguration section */
		1297619D1F5FC8D10075C314 /* Debug */ = {
			isa = XCBuildConfiguration;
			buildSettings = {
				ALWAYS_SEARCH_USER_PATHS = NO;
				CLANG_ANALYZER_LOCALIZABILITY_NONLOCALIZED = YES;
				CLANG_ANALYZER_NONNULL = YES;
				CLANG_ANALYZER_NUMBER_OBJECT_CONVERSION = YES_AGGRESSIVE;
				CLANG_CXX_LANGUAGE_STANDARD = "gnu++0x";
				CLANG_CXX_LIBRARY = "libc++";
				CLANG_ENABLE_MODULES = YES;
				CLANG_ENABLE_OBJC_ARC = YES;
				CLANG_WARN_BLOCK_CAPTURE_AUTORELEASING = YES;
				CLANG_WARN_BOOL_CONVERSION = YES;
				CLANG_WARN_COMMA = YES;
				CLANG_WARN_CONSTANT_CONVERSION = YES;
				CLANG_WARN_DEPRECATED_OBJC_IMPLEMENTATIONS = YES;
				CLANG_WARN_DIRECT_OBJC_ISA_USAGE = YES_ERROR;
				CLANG_WARN_DOCUMENTATION_COMMENTS = YES;
				CLANG_WARN_EMPTY_BODY = YES;
				CLANG_WARN_ENUM_CONVERSION = YES;
				CLANG_WARN_INFINITE_RECURSION = YES;
				CLANG_WARN_INT_CONVERSION = YES;
				CLANG_WARN_NON_LITERAL_NULL_CONVERSION = YES;
				CLANG_WARN_OBJC_IMPLICIT_RETAIN_SELF = YES;
				CLANG_WARN_OBJC_LITERAL_CONVERSION = YES;
				CLANG_WARN_OBJC_ROOT_CLASS = YES_ERROR;
				CLANG_WARN_RANGE_LOOP_ANALYSIS = YES;
				CLANG_WARN_STRICT_PROTOTYPES = YES;
				CLANG_WARN_SUSPICIOUS_MOVE = YES;
				CLANG_WARN_UNREACHABLE_CODE = YES;
				CLANG_WARN__DUPLICATE_METHOD_MATCH = YES;
				CODE_SIGN_IDENTITY = "-";
				COPY_PHASE_STRIP = NO;
				DEBUG_INFORMATION_FORMAT = dwarf;
				ENABLE_STRICT_OBJC_MSGSEND = YES;
				ENABLE_TESTABILITY = YES;
				GCC_C_LANGUAGE_STANDARD = gnu99;
				GCC_DYNAMIC_NO_PIC = NO;
				GCC_NO_COMMON_BLOCKS = YES;
				GCC_OPTIMIZATION_LEVEL = 0;
				GCC_PREPROCESSOR_DEFINITIONS = (
					"DEBUG=1",
					"$(inherited)",
				);
				GCC_WARN_64_TO_32_BIT_CONVERSION = YES;
				GCC_WARN_ABOUT_RETURN_TYPE = YES_ERROR;
				GCC_WARN_UNDECLARED_SELECTOR = YES;
				GCC_WARN_UNINITIALIZED_AUTOS = YES_AGGRESSIVE;
				GCC_WARN_UNUSED_FUNCTION = YES;
				GCC_WARN_UNUSED_VARIABLE = YES;
				MACOSX_DEPLOYMENT_TARGET = 10.12;
				MTL_ENABLE_DEBUG_INFO = YES;
				ONLY_ACTIVE_ARCH = YES;
				SDKROOT = macosx;
				SWIFT_OPTIMIZATION_LEVEL = "-Onone";
				SWIFT_VERSION = 5.0;
			};
			name = Debug;
		};
		1297619E1F5FC8D10075C314 /* Release */ = {
			isa = XCBuildConfiguration;
			buildSettings = {
				ALWAYS_SEARCH_USER_PATHS = NO;
				CLANG_ANALYZER_LOCALIZABILITY_NONLOCALIZED = YES;
				CLANG_ANALYZER_NONNULL = YES;
				CLANG_ANALYZER_NUMBER_OBJECT_CONVERSION = YES_AGGRESSIVE;
				CLANG_CXX_LANGUAGE_STANDARD = "gnu++0x";
				CLANG_CXX_LIBRARY = "libc++";
				CLANG_ENABLE_MODULES = YES;
				CLANG_ENABLE_OBJC_ARC = YES;
				CLANG_WARN_BLOCK_CAPTURE_AUTORELEASING = YES;
				CLANG_WARN_BOOL_CONVERSION = YES;
				CLANG_WARN_COMMA = YES;
				CLANG_WARN_CONSTANT_CONVERSION = YES;
				CLANG_WARN_DEPRECATED_OBJC_IMPLEMENTATIONS = YES;
				CLANG_WARN_DIRECT_OBJC_ISA_USAGE = YES_ERROR;
				CLANG_WARN_DOCUMENTATION_COMMENTS = YES;
				CLANG_WARN_EMPTY_BODY = YES;
				CLANG_WARN_ENUM_CONVERSION = YES;
				CLANG_WARN_INFINITE_RECURSION = YES;
				CLANG_WARN_INT_CONVERSION = YES;
				CLANG_WARN_NON_LITERAL_NULL_CONVERSION = YES;
				CLANG_WARN_OBJC_IMPLICIT_RETAIN_SELF = YES;
				CLANG_WARN_OBJC_LITERAL_CONVERSION = YES;
				CLANG_WARN_OBJC_ROOT_CLASS = YES_ERROR;
				CLANG_WARN_RANGE_LOOP_ANALYSIS = YES;
				CLANG_WARN_STRICT_PROTOTYPES = YES;
				CLANG_WARN_SUSPICIOUS_MOVE = YES;
				CLANG_WARN_UNREACHABLE_CODE = YES;
				CLANG_WARN__DUPLICATE_METHOD_MATCH = YES;
				CODE_SIGN_IDENTITY = "-";
				COPY_PHASE_STRIP = NO;
				DEBUG_INFORMATION_FORMAT = "dwarf-with-dsym";
				ENABLE_NS_ASSERTIONS = NO;
				ENABLE_STRICT_OBJC_MSGSEND = YES;
				GCC_C_LANGUAGE_STANDARD = gnu99;
				GCC_NO_COMMON_BLOCKS = YES;
				GCC_WARN_64_TO_32_BIT_CONVERSION = YES;
				GCC_WARN_ABOUT_RETURN_TYPE = YES_ERROR;
				GCC_WARN_UNDECLARED_SELECTOR = YES;
				GCC_WARN_UNINITIALIZED_AUTOS = YES_AGGRESSIVE;
				GCC_WARN_UNUSED_FUNCTION = YES;
				GCC_WARN_UNUSED_VARIABLE = YES;
				MACOSX_DEPLOYMENT_TARGET = 10.12;
				MTL_ENABLE_DEBUG_INFO = NO;
				SDKROOT = macosx;
				SWIFT_OPTIMIZATION_LEVEL = "-Owholemodule";
				SWIFT_VERSION = 5.0;
			};
			name = Release;
		};
		129761A01F5FC8D10075C314 /* Debug */ = {
			isa = XCBuildConfiguration;
			buildSettings = {
				DEVELOPMENT_TEAM = P3X2725LYY;
				GCC_PREPROCESSOR_DEFINITIONS = (
					"$(inherited)",
					"PROJECT_DIR=\"$PROJECT_DIR\"",
				);
				PRODUCT_NAME = "$(TARGET_NAME)";
				SWIFT_VERSION = 5.0;
			};
			name = Debug;
		};
		129761A11F5FC8D10075C314 /* Release */ = {
			isa = XCBuildConfiguration;
			buildSettings = {
				DEVELOPMENT_TEAM = P3X2725LYY;
				PRODUCT_NAME = "$(TARGET_NAME)";
				SWIFT_VERSION = 5.0;
			};
			name = Release;
		};
/* End XCBuildConfiguration section */

/* Begin XCConfigurationList section */
		129761931F5FC8D10075C314 /* Build configuration list for PBXProject "EFResume" */ = {
			isa = XCConfigurationList;
			buildConfigurations = (
				1297619D1F5FC8D10075C314 /* Debug */,
				1297619E1F5FC8D10075C314 /* Release */,
			);
			defaultConfigurationIsVisible = 0;
			defaultConfigurationName = Release;
		};
		1297619F1F5FC8D10075C314 /* Build configuration list for PBXNativeTarget "EFResume" */ = {
			isa = XCConfigurationList;
			buildConfigurations = (
				129761A01F5FC8D10075C314 /* Debug */,
				129761A11F5FC8D10075C314 /* Release */,
			);
			defaultConfigurationIsVisible = 0;
			defaultConfigurationName = Release;
		};
/* End XCConfigurationList section */
	};
	rootObject = 129761901F5FC8D10075C314 /* Project object */;
}
